
Microsoft Visual Studio Solution File, Format Version 12.00
# Visual Studio 15
VisualStudioVersion = 15.0.27703.2026
MinimumVisualStudioVersion = 10.0.40219.1
Project("{9A19103F-16F7-4668-BE54-9A1E7A4F7556}") = "KerdoivKezelo", "KerdoivKezelo\KerdoivKezelo.csproj", "{A7C6780E-D44F-4A42-BB25-B4B955FCB1F4}"
EndProject
Project("{FAE04EC0-301F-11D3-BF4B-00C04F79EFBC}") = "Kerdoivkezelo.DAL", "Kerdoivkezelo.DAL\Kerdoivkezelo.DAL.csproj", "{B3F0F393-A9F0-4980-8589-70BFDF85BEB6}"
EndProject
Global
	GlobalSection(SolutionConfigurationPlatforms) = preSolution
		Debug|Any CPU = Debug|Any CPU
		Release|Any CPU = Release|Any CPU
	EndGlobalSection
	GlobalSection(ProjectConfigurationPlatforms) = postSolution
		{A7C6780E-D44F-4A42-BB25-B4B955FCB1F4}.Debug|Any CPU.ActiveCfg = Debug|Any CPU
		{A7C6780E-D44F-4A42-BB25-B4B955FCB1F4}.Debug|Any CPU.Build.0 = Debug|Any CPU
		{A7C6780E-D44F-4A42-BB25-B4B955FCB1F4}.Release|Any CPU.ActiveCfg = Release|Any CPU
		{A7C6780E-D44F-4A42-BB25-B4B955FCB1F4}.Release|Any CPU.Build.0 = Release|Any CPU
		{B3F0F393-A9F0-4980-8589-70BFDF85BEB6}.Debug|Any CPU.ActiveCfg = Debug|Any CPU
		{B3F0F393-A9F0-4980-8589-70BFDF85BEB6}.Debug|Any CPU.Build.0 = Debug|Any CPU
		{B3F0F393-A9F0-4980-8589-70BFDF85BEB6}.Release|Any CPU.ActiveCfg = Release|Any CPU
		{B3F0F393-A9F0-4980-8589-70BFDF85BEB6}.Release|Any CPU.Build.0 = Release|Any CPU
	EndGlobalSection
	GlobalSection(SolutionProperties) = preSolution
		HideSolutionNode = FALSE
	EndGlobalSection
	GlobalSection(ExtensibilityGlobals) = postSolution
		SolutionGuid = {6382B872-D439-4039-99EE-53EC52F9B6E7}
	EndGlobalSection
EndGlobal
